
Microsoft Visual Studio Solution File, Format Version 12.00
# Visual Studio Version 17
VisualStudioVersion = 17.14.36603.0 d17.14
MinimumVisualStudioVersion = 10.0.40219.1
Project("{FAE04EC0-301F-11D3-BF4B-00C04F79EFBC}") = "RestaurantManagementAPI", "RestaurantManagementAPI\RestaurantManagementAPI.csproj", "{A06179C1-5D26-4A60-8EC2-2CEB01D61FA4}"
EndProject
Global
	GlobalSection(SolutionConfigurationPlatforms) = preSolution
		Debug|Any CPU = Debug|Any CPU
		Release|Any CPU = Release|Any CPU
	EndGlobalSection
	GlobalSection(ProjectConfigurationPlatforms) = postSolution
		{A06179C1-5D26-4A60-8EC2-2CEB01D61FA4}.Debug|Any CPU.ActiveCfg = Debug|Any CPU
		{A06179C1-5D26-4A60-8EC2-2CEB01D61FA4}.Debug|Any CPU.Build.0 = Debug|Any CPU
		{A06179C1-5D26-4A60-8EC2-2CEB01D61FA4}.Release|Any CPU.ActiveCfg = Release|Any CPU
		{A06179C1-5D26-4A60-8EC2-2CEB01D61FA4}.Release|Any CPU.Build.0 = Release|Any CPU
	EndGlobalSection
	GlobalSection(SolutionProperties) = preSolution
		HideSolutionNode = FALSE
	EndGlobalSection
	GlobalSection(ExtensibilityGlobals) = postSolution
		SolutionGuid = {3895E1CF-F17D-40C1-A304-EC23F9A7B857}
	EndGlobalSection
EndGlobal
